// !$*UTF8*$!
{
	archiveVersion = 1;
	classes = {
	};
	objectVersion = 46;
	objects = {

/* Begin PBXBuildFile section */
		DCE6CDA01C8B670C0066238A /* AppDelegate.swift in Sources */ = {isa = PBXBuildFile; fileRef = DCE6CD9F1C8B670C0066238A /* AppDelegate.swift */; };
		DCE6CDA21C8B670C0066238A /* ViewController.swift in Sources */ = {isa = PBXBuildFile; fileRef = DCE6CDA11C8B670C0066238A /* ViewController.swift */; };
		DCE6CDA51C8B670C0066238A /* Main.storyboard in Resources */ = {isa = PBXBuildFile; fileRef = DCE6CDA31C8B670C0066238A /* Main.storyboard */; };
		DCE6CDA71C8B670C0066238A /* Assets.xcassets in Resources */ = {isa = PBXBuildFile; fileRef = DCE6CDA61C8B670C0066238A /* Assets.xcassets */; };
		DCE6CDAA1C8B670C0066238A /* LaunchScreen.storyboard in Resources */ = {isa = PBXBuildFile; fileRef = DCE6CDA81C8B670C0066238A /* LaunchScreen.storyboard */; };
		DCE6CDB31C8B67700066238A /* Post.swift in Sources */ = {isa = PBXBuildFile; fileRef = DCE6CDB21C8B67700066238A /* Post.swift */; };
		DCE6CDB81C8B6DF70066238A /* PostsCell.swift in Sources */ = {isa = PBXBuildFile; fileRef = DCE6CDB71C8B6DF70066238A /* PostsCell.swift */; };
		DCE6CDBB1C8B76840066238A /* AddPostVC.swift in Sources */ = {isa = PBXBuildFile; fileRef = DCE6CDBA1C8B76840066238A /* AddPostVC.swift */; };
		DCE6CDBE1C8B850C0066238A /* DataService.swift in Sources */ = {isa = PBXBuildFile; fileRef = DCE6CDBD1C8B850C0066238A /* DataService.swift */; };
/* End PBXBuildFile section */

/* Begin PBXFileReference section */
		DCE6CD9C1C8B670C0066238A /* MyHood.app */ = {isa = PBXFileReference; explicitFileType = wrapper.application; includeInIndex = 0; path = MyHood.app; sourceTree = BUILT_PRODUCTS_DIR; };
		DCE6CD9F1C8B670C0066238A /* AppDelegate.swift */ = {isa = PBXFileReference; lastKnownFileType = sourcecode.swift; path = AppDelegate.swift; sourceTree = "<group>"; };
		DCE6CDA11C8B670C0066238A /* ViewController.swift */ = {isa = PBXFileReference; lastKnownFileType = sourcecode.swift; path = ViewController.swift; sourceTree = "<group>"; };
		DCE6CDA41C8B670C0066238A /* Base */ = {isa = PBXFileReference; lastKnownFileType = file.storyboard; name = Base; path = Base.lproj/Main.storyboard; sourceTree = "<group>"; };
		DCE6CDA61C8B670C0066238A /* Assets.xcassets */ = {isa = PBXFileReference; lastKnownFileType = folder.assetcatalog; path = Assets.xcassets; sourceTree = "<group>"; };
		DCE6CDA91C8B670C0066238A /* Base */ = {isa = PBXFileReference; lastKnownFileType = file.storyboard; name = Base; path = Base.lproj/LaunchScreen.storyboard; sourceTree = "<group>"; };
		DCE6CDAB1C8B670C0066238A /* Info.plist */ = {isa = PBXFileReference; lastKnownFileType = text.plist.xml; path = Info.plist; sourceTree = "<group>"; };
		DCE6CDB21C8B67700066238A /* Post.swift */ = {isa = PBXFileReference; fileEncoding = 4; lastKnownFileType = sourcecode.swift; path = Post.swift; sourceTree = "<group>"; };
		DCE6CDB71C8B6DF70066238A /* PostsCell.swift */ = {isa = PBXFileReference; fileEncoding = 4; lastKnownFileType = sourcecode.swift; path = PostsCell.swift; sourceTree = "<group>"; };
		DCE6CDBA1C8B76840066238A /* AddPostVC.swift */ = {isa = PBXFileReference; fileEncoding = 4; lastKnownFileType = sourcecode.swift; path = AddPostVC.swift; sourceTree = "<group>"; };
		DCE6CDBD1C8B850C0066238A /* DataService.swift */ = {isa = PBXFileReference; fileEncoding = 4; lastKnownFileType = sourcecode.swift; path = DataService.swift; sourceTree = "<group>"; };
/* End PBXFileReference section */

/* Begin PBXFrameworksBuildPhase section */
		DCE6CD991C8B670C0066238A /* Frameworks */ = {
			isa = PBXFrameworksBuildPhase;
			buildActionMask = 2147483647;
			files = (
			);
			runOnlyForDeploymentPostprocessing = 0;
		};
/* End PBXFrameworksBuildPhase section */

/* Begin PBXGroup section */
		DCE6CD931C8B670C0066238A = {
			isa = PBXGroup;
			children = (
				DCE6CD9E1C8B670C0066238A /* MyHood */,
				DCE6CD9D1C8B670C0066238A /* Products */,
			);
			sourceTree = "<group>";
		};
		DCE6CD9D1C8B670C0066238A /* Products */ = {
			isa = PBXGroup;
			children = (
				DCE6CD9C1C8B670C0066238A /* MyHood.app */,
			);
			name = Products;
			sourceTree = "<group>";
		};
		DCE6CD9E1C8B670C0066238A /* MyHood */ = {
			isa = PBXGroup;
			children = (
				DCE6CDBC1C8B84FA0066238A /* Services */,
				DCE6CD9F1C8B670C0066238A /* AppDelegate.swift */,
				DCE6CDB41C8B6DAA0066238A /* View */,
				DCE6CDB11C8B67600066238A /* Model */,
				DCE6CDB91C8B721A0066238A /* Controller */,
				DCE6CDA61C8B670C0066238A /* Assets.xcassets */,
				DCE6CDA81C8B670C0066238A /* LaunchScreen.storyboard */,
				DCE6CDAB1C8B670C0066238A /* Info.plist */,
			);
			path = MyHood;
			sourceTree = "<group>";
		};
		DCE6CDB11C8B67600066238A /* Model */ = {
			isa = PBXGroup;
			children = (
				DCE6CDB21C8B67700066238A /* Post.swift */,
			);
			name = Model;
			sourceTree = "<group>";
		};
		DCE6CDB41C8B6DAA0066238A /* View */ = {
			isa = PBXGroup;
			children = (
				DCE6CDB71C8B6DF70066238A /* PostsCell.swift */,
				DCE6CDA31C8B670C0066238A /* Main.storyboard */,
			);
			name = View;
			sourceTree = "<group>";
		};
		DCE6CDB91C8B721A0066238A /* Controller */ = {
			isa = PBXGroup;
			children = (
				DCE6CDA11C8B670C0066238A /* ViewController.swift */,
				DCE6CDBA1C8B76840066238A /* AddPostVC.swift */,
			);
			name = Controller;
			sourceTree = "<group>";
		};
		DCE6CDBC1C8B84FA0066238A /* Services */ = {
			isa = PBXGroup;
			children = (
				DCE6CDBD1C8B850C0066238A /* DataService.swift */,
			);
			name = Services;
			sourceTree = "<group>";
		};
/* End PBXGroup section */

/* Begin PBXNativeTarget section */
		DCE6CD9B1C8B670C0066238A /* MyHood */ = {
			isa = PBXNativeTarget;
			buildConfigurationList = DCE6CDAE1C8B670C0066238A /* Build configuration list for PBXNativeTarget "MyHood" */;
			buildPhases = (
				DCE6CD981C8B670C0066238A /* Sources */,
				DCE6CD991C8B670C0066238A /* Frameworks */,
				DCE6CD9A1C8B670C0066238A /* Resources */,
			);
			buildRules = (
			);
			dependencies = (
			);
			name = MyHood;
			productName = MyHood;
			productReference = DCE6CD9C1C8B670C0066238A /* MyHood.app */;
			productType = "com.apple.product-type.application";
		};
/* End PBXNativeTarget section */

/* Begin PBXProject section */
		DCE6CD941C8B670C0066238A /* Project object */ = {
			isa = PBXProject;
			attributes = {
				LastSwiftUpdateCheck = 0720;
				LastUpgradeCheck = 0720;
				ORGANIZATIONNAME = FahadCoder;
				TargetAttributes = {
					DCE6CD9B1C8B670C0066238A = {
						CreatedOnToolsVersion = 7.2.1;
						DevelopmentTeam = 5HXQ3QTV83;
					};
				};
			};
			buildConfigurationList = DCE6CD971C8B670C0066238A /* Build configuration list for PBXProject "MyHood" */;
			compatibilityVersion = "Xcode 3.2";
			developmentRegion = English;
			hasScannedForEncodings = 0;
			knownRegions = (
				en,
				Base,
			);
			mainGroup = DCE6CD931C8B670C0066238A;
			productRefGroup = DCE6CD9D1C8B670C0066238A /* Products */;
			projectDirPath = "";
			projectRoot = "";
			targets = (
				DCE6CD9B1C8B670C0066238A /* MyHood */,
			);
		};
/* End PBXProject section */

/* Begin PBXResourcesBuildPhase section */
		DCE6CD9A1C8B670C0066238A /* Resources */ = {
			isa = PBXResourcesBuildPhase;
			buildActionMask = 2147483647;
			files = (
				DCE6CDAA1C8B670C0066238A /* LaunchScreen.storyboard in Resources */,
				DCE6CDA71C8B670C0066238A /* Assets.xcassets in Resources */,
				DCE6CDA51C8B670C0066238A /* Main.storyboard in Resources */,
			);
			runOnlyForDeploymentPostprocessing = 0;
		};
/* End PBXResourcesBuildPhase section */

/* Begin PBXSourcesBuildPhase section */
		DCE6CD981C8B670C0066238A /* Sources */ = {
			isa = PBXSourcesBuildPhase;
			buildActionMask = 2147483647;
			files = (
				DCE6CDB31C8B67700066238A /* Post.swift in Sources */,
				DCE6CDA21C8B670C0066238A /* ViewController.swift in Sources */,
				DCE6CDBB1C8B76840066238A /* AddPostVC.swift in Sources */,
				DCE6CDBE1C8B850C0066238A /* DataService.swift in Sources */,
				DCE6CDA01C8B670C0066238A /* AppDelegate.swift in Sources */,
				DCE6CDB81C8B6DF70066238A /* PostsCell.swift in Sources */,
			);
			runOnlyForDeploymentPostprocessing = 0;
		};
/* End PBXSourcesBuildPhase section */

/* Begin PBXVariantGroup section */
		DCE6CDA31C8B670C0066238A /* Main.storyboard */ = {
			isa = PBXVariantGroup;
			children = (
				DCE6CDA41C8B670C0066238A /* Base */,
			);
			name = Main.storyboard;
			sourceTree = "<group>";
		};
		DCE6CDA81C8B670C0066238A /* LaunchScreen.storyboard */ = {
			isa = PBXVariantGroup;
			children = (
				DCE6CDA91C8B670C0066238A /* Base */,
			);
			name = LaunchScreen.storyboard;
			sourceTree = "<group>";
		};
/* End PBXVariantGroup section */

/* Begin XCBuildConfiguration section */
		DCE6CDAC1C8B670C0066238A /* Debug */ = {
			isa = XCBuildConfiguration;
			buildSettings = {
				ALWAYS_SEARCH_USER_PATHS = NO;
				CLANG_CXX_LANGUAGE_STANDARD = "gnu++0x";
				CLANG_CXX_LIBRARY = "libc++";
				CLANG_ENABLE_MODULES = YES;
				CLANG_ENABLE_OBJC_ARC = YES;
				CLANG_WARN_BOOL_CONVERSION = YES;
				CLANG_WARN_CONSTANT_CONVERSION = YES;
				CLANG_WARN_DIRECT_OBJC_ISA_USAGE = YES_ERROR;
				CLANG_WARN_EMPTY_BODY = YES;
				CLANG_WARN_ENUM_CONVERSION = YES;
				CLANG_WARN_INT_CONVERSION = YES;
				CLANG_WARN_OBJC_ROOT_CLASS = YES_ERROR;
				CLANG_WARN_UNREACHABLE_CODE = YES;
				CLANG_WARN__DUPLICATE_METHOD_MATCH = YES;
				"CODE_SIGN_IDENTITY[sdk=iphoneos*]" = "iPhone Developer";
				COPY_PHASE_STRIP = NO;
				DEBUG_INFORMATION_FORMAT = dwarf;
				ENABLE_STRICT_OBJC_MSGSEND = YES;
				ENABLE_TESTABILITY = YES;
				GCC_C_LANGUAGE_STANDARD = gnu99;
				GCC_DYNAMIC_NO_PIC = NO;
				GCC_NO_COMMON_BLOCKS = YES;
				GCC_OPTIMIZATION_LEVEL = 0;
				GCC_PREPROCESSOR_DEFINITIONS = (
					"DEBUG=1",
					"$(inherited)",
				);
				GCC_WARN_64_TO_32_BIT_CONVERSION = YES;
				GCC_WARN_ABOUT_RETURN_TYPE = YES_ERROR;
				GCC_WARN_UNDECLARED_SELECTOR = YES;
				GCC_WARN_UNINITIALIZED_AUTOS = YES_AGGRESSIVE;
				GCC_WARN_UNUSED_FUNCTION = YES;
				GCC_WARN_UNUSED_VARIABLE = YES;
				IPHONEOS_DEPLOYMENT_TARGET = 9.2;
				MTL_ENABLE_DEBUG_INFO = YES;
				ONLY_ACTIVE_ARCH = YES;
				SDKROOT = iphoneos;
				SWIFT_OPTIMIZATION_LEVEL = "-Onone";
				TARGETED_DEVICE_FAMILY = "1,2";
			};
			name = Debug;
		};
		DCE6CDAD1C8B670C0066238A /* Release */ = {
			isa = XCBuildConfiguration;
			buildSettings = {
				ALWAYS_SEARCH_USER_PATHS = NO;
				CLANG_CXX_LANGUAGE_STANDARD = "gnu++0x";
				CLANG_CXX_LIBRARY = "libc++";
				CLANG_ENABLE_MODULES = YES;
				CLANG_ENABLE_OBJC_ARC = YES;
				CLANG_WARN_BOOL_CONVERSION = YES;
				CLANG_WARN_CONSTANT_CONVERSION = YES;
				CLANG_WARN_DIRECT_OBJC_ISA_USAGE = YES_ERROR;
				CLANG_WARN_EMPTY_BODY = YES;
				CLANG_WARN_ENUM_CONVERSION = YES;
				CLANG_WARN_INT_CONVERSION = YES;
				CLANG_WARN_OBJC_ROOT_CLASS = YES_ERROR;
				CLANG_WARN_UNREACHABLE_CODE = YES;
				CLANG_WARN__DUPLICATE_METHOD_MATCH = YES;
				"CODE_SIGN_IDENTITY[sdk=iphoneos*]" = "iPhone Developer";
				COPY_PHASE_STRIP = NO;
				DEBUG_INFORMATION_FORMAT = "dwarf-with-dsym";
				ENABLE_NS_ASSERTIONS = NO;
				ENABLE_STRICT_OBJC_MSGSEND = YES;
				GCC_C_LANGUAGE_STANDARD = gnu99;
				GCC_NO_COMMON_BLOCKS = YES;
				GCC_WARN_64_TO_32_BIT_CONVERSION = YES;
				GCC_WARN_ABOUT_RETURN_TYPE = YES_ERROR;
				GCC_WARN_UNDECLARED_SELECTOR = YES;
				GCC_WARN_UNINITIALIZED_AUTOS = YES_AGGRESSIVE;
				GCC_WARN_UNUSED_FUNCTION = YES;
				GCC_WARN_UNUSED_VARIABLE = YES;
				IPHONEOS_DEPLOYMENT_TARGET = 9.2;
				MTL_ENABLE_DEBUG_INFO = NO;
				SDKROOT = iphoneos;
				TARGETED_DEVICE_FAMILY = "1,2";
				VALIDATE_PRODUCT = YES;
			};
			name = Release;
		};
		DCE6CDAF1C8B670C0066238A /* Debug */ = {
			isa = XCBuildConfiguration;
			buildSettings = {
				ASSETCATALOG_COMPILER_APPICON_NAME = AppIcon;
				INFOPLIST_FILE = MyHood/Info.plist;
				LD_RUNPATH_SEARCH_PATHS = "$(inherited) @executable_path/Frameworks";
				PRODUCT_BUNDLE_IDENTIFIER = Coder.MyHood;
				PRODUCT_NAME = "$(TARGET_NAME)";
			};
			name = Debug;
		};
		DCE6CDB01C8B670C0066238A /* Release */ = {
			isa = XCBuildConfiguration;
			buildSettings = {
				ASSETCATALOG_COMPILER_APPICON_NAME = AppIcon;
				INFOPLIST_FILE = MyHood/Info.plist;
				LD_RUNPATH_SEARCH_PATHS = "$(inherited) @executable_path/Frameworks";
				PRODUCT_BUNDLE_IDENTIFIER = Coder.MyHood;
				PRODUCT_NAME = "$(TARGET_NAME)";
			};
			name = Release;
		};
/* End XCBuildConfiguration section */

/* Begin XCConfigurationList section */
		DCE6CD971C8B670C0066238A /* Build configuration list for PBXProject "MyHood" */ = {
			isa = XCConfigurationList;
			buildConfigurations = (
				DCE6CDAC1C8B670C0066238A /* Debug */,
				DCE6CDAD1C8B670C0066238A /* Release */,
			);
			defaultConfigurationIsVisible = 0;
			defaultConfigurationName = Release;
		};
		DCE6CDAE1C8B670C0066238A /* Build configuration list for PBXNativeTarget "MyHood" */ = {
			isa = XCConfigurationList;
			buildConfigurations = (
				DCE6CDAF1C8B670C0066238A /* Debug */,
				DCE6CDB01C8B670C0066238A /* Release */,
			);
			defaultConfigurationIsVisible = 0;
		};
/* End XCConfigurationList section */
	};
	rootObject = DCE6CD941C8B670C0066238A /* Project object */;
}
